// !$*UTF8*$!
{
	archiveVersion = 1;
	classes = {
	};
	objectVersion = 54;
	objects = {

/* Begin PBXBuildFile section */
		"0632764A-E5BC-42D9-89C3-D575F2177108" /* OscOutboundPacketStream.cpp in Sources */ = {isa = PBXBuildFile; fileRef = "9CE7D11D-253D-458D-9E6B-6344D6A8D00F" /* OscOutboundPacketStream.cpp */; };
		"067B52E0-E217-4B18-9C2F-C355250A7CCF" /* NetworkingUtils.cpp in Sources */ = {isa = PBXBuildFile; fileRef = "21731945-5157-4143-BDFD-209F89ACEA60" /* NetworkingUtils.cpp */; };
		"078CFFEC-7CD1-4FF3-89C9-9030FB89191D" /* ParticleSystem.cpp in Sources */ = {isa = PBXBuildFile; fileRef = "77A71F7B-3E82-4333-AD18-77E04E011ABF" /* ParticleSystem.cpp */; };
		"0B37B16C-DEE0-47F6-B91A-4FBB2C6F79E7" /* ofxOscReceiver.cpp in Sources */ = {isa = PBXBuildFile; fileRef = "D8970A40-2E71-4FC3-9E69-A2EB540B5489" /* ofxOscReceiver.cpp */; };
		"0E35FD18-C6E0-44D0-83C9-048375D8BA71" /* FluidSystem2D.cpp in Sources */ = {isa = PBXBuildFile; fileRef = "D3C427D3-F923-41E1-94A1-C759DF57969F" /* FluidSystem2D.cpp */; };
		"207B894F-8C3B-4D6B-8B48-85CC3B420810" /* ofxSlider.cpp in Sources */ = {isa = PBXBuildFile; fileRef = "42690F73-98DF-462A-A4F4-08E7F9645B44" /* ofxSlider.cpp */; };
		"219D6488-2190-4FC8-B263-FDDB6A856348" /* FluidSystem3D.cpp in Sources */ = {isa = PBXBuildFile; fileRef = "1FF5E6B2-8023-4357-A357-9BF7FFFA22A0" /* FluidSystem3D.cpp */; };
		"2E2891C3-6678-4C29-855D-0271AF85CA78" /* ofxBaseGui.cpp in Sources */ = {isa = PBXBuildFile; fileRef = "06C43FFA-B8FE-453B-9EAD-0A711883C198" /* ofxBaseGui.cpp */; };
		"4F5547DB-5351-44FD-90DD-65E6A0FA99F4" /* UdpSocket.cpp in Sources */ = {isa = PBXBuildFile; fileRef = "FCFE93AA-6CDB-4B4F-A0F1-8DBE04C780BA" /* UdpSocket.cpp */; };
		"637408DB-7305-42AB-A4E6-79467DE5C28B" /* ofxOscMessage.cpp in Sources */ = {isa = PBXBuildFile; fileRef = "2B07F91F-60C4-4479-99B0-8BEB74D45BDA" /* ofxOscMessage.cpp */; };
		"6618B18D-369E-42E2-B000-DD9D23C34D8E" /* ofxOscBundle.cpp in Sources */ = {isa = PBXBuildFile; fileRef = "F066D7FA-698B-4827-851B-DA9CAEF00BBB" /* ofxOscBundle.cpp */; };
		"6F3A4A30-174C-46A4-9101-0B78BC020699" /* ofxOscParameterSync.cpp in Sources */ = {isa = PBXBuildFile; fileRef = "AF4C8D82-73C7-4141-8619-C7B44987BF60" /* ofxOscParameterSync.cpp */; };
		"77E40352-349A-4568-83C1-06B14151F989" /* ofxInputField.cpp in Sources */ = {isa = PBXBuildFile; fileRef = "69D0656C-EC0E-4B90-B615-0E35078A3A08" /* ofxInputField.cpp */; };
		"7FB6CE13-C793-4262-9B7F-C6C1A65D86CD" /* ofxColorPicker.cpp in Sources */ = {isa = PBXBuildFile; fileRef = "6040581C-670A-407E-AB1E-4D97C106139D" /* ofxColorPicker.cpp */; };
		"93C27E4C-3ECF-4CCA-8CB8-4FB9D8AD08B2" /* OscTypes.cpp in Sources */ = {isa = PBXBuildFile; fileRef = "0A251133-9265-4631-A6AC-852B11F56113" /* OscTypes.cpp */; };
		"A6FB9A97-F955-411C-BEAB-A63C6644D925" /* ofxLabel.cpp in Sources */ = {isa = PBXBuildFile; fileRef = "51408427-D607-4C37-8DC1-9FC1E541B0A3" /* ofxLabel.cpp */; };
		"A958D5EA-6135-4DDC-99F7-066F7FCAE93D" /* ofxButton.cpp in Sources */ = {isa = PBXBuildFile; fileRef = "FEAA0322-C790-4292-A50B-EBC1E5C95B5A" /* ofxButton.cpp */; };
		"B248AAC5-D82D-4CD2-A714-A08FA1DD9D6B" /* Particle.cpp in Sources */ = {isa = PBXBuildFile; fileRef = "C4E55D6E-1C13-404F-A496-9C6C2A423C78" /* Particle.cpp */; };
		"B64BD75D-A695-45E6-9884-FFC1B04F80AD" /* ofxOscSender.cpp in Sources */ = {isa = PBXBuildFile; fileRef = "0E5C098D-CE97-4D5D-9347-302030B0BE69" /* ofxOscSender.cpp */; };
		"C1F17A48-14D5-49BF-AD9D-60F1B6DB7D37" /* ofxSliderGroup.cpp in Sources */ = {isa = PBXBuildFile; fileRef = "51033050-3AC6-4646-9E6B-63379192F97B" /* ofxSliderGroup.cpp */; };
		"CF3ECC67-B12A-43B6-ACE9-0094583546DE" /* Kernels.cpp in Sources */ = {isa = PBXBuildFile; fileRef = "7D676AB1-576A-4693-9E8C-0F3D4DEE53C5" /* Kernels.cpp */; };
		"CF7E8A22-C174-4E91-A176-216AA80B9470" /* IpEndpointName.cpp in Sources */ = {isa = PBXBuildFile; fileRef = "18F254E4-09AB-4D81-8A6A-DF1DDB17829F" /* IpEndpointName.cpp */; };
		"D12C1AD1-B2DA-47B9-A40E-B968255D62E0" /* ofxPanel.cpp in Sources */ = {isa = PBXBuildFile; fileRef = "DCDEA2E0-2230-4FA2-96C3-207230527BBA" /* ofxPanel.cpp */; };
		"D3A34515-59F6-4E79-A0C9-56CBA139D666" /* ofxToggle.cpp in Sources */ = {isa = PBXBuildFile; fileRef = "CE111C30-7044-488A-80A8-EF40D06CC708" /* ofxToggle.cpp */; };
		"D7B6AD16-4895-4661-B064-211A15617735" /* ofxGuiGroup.cpp in Sources */ = {isa = PBXBuildFile; fileRef = "06A688EA-C809-42BC-9DD2-7DF38841D68E" /* ofxGuiGroup.cpp */; };
		E4B69E200A3A1BDC003C02F2 /* main.cpp in Sources */ = {isa = PBXBuildFile; fileRef = E4B69E1D0A3A1BDC003C02F2 /* main.cpp */; };
		E4B69E210A3A1BDC003C02F2 /* ofApp.cpp in Sources */ = {isa = PBXBuildFile; fileRef = E4B69E1E0A3A1BDC003C02F2 /* ofApp.cpp */; };
		"E8B92708-946F-49ED-8A87-0D0762B1EC45" /* OscPrintReceivedElements.cpp in Sources */ = {isa = PBXBuildFile; fileRef = "B94F6AE1-5CB9-4AB0-BC94-97ABF0CE0404" /* OscPrintReceivedElements.cpp */; };
		"F5B0E757-F887-4B18-A293-F9B245676B6B" /* OscReceivedElements.cpp in Sources */ = {isa = PBXBuildFile; fileRef = "79F575EE-D429-47A8-BFE7-08AED0413CE8" /* OscReceivedElements.cpp */; };
/* End PBXBuildFile section */

/* Begin PBXCopyFilesBuildPhase section */
		E4A5B60F29BAAAE400C2D356 /* CopyFiles */ = {
			isa = PBXCopyFilesBuildPhase;
			buildActionMask = 2147483647;
			dstPath = "";
			dstSubfolderSpec = 6;
			files = (
			);
			runOnlyForDeploymentPostprocessing = 0;
		};
		E4C2427710CC5ABF004149E2 /* CopyFiles */ = {
			isa = PBXCopyFilesBuildPhase;
			buildActionMask = 2147483647;
			dstPath = "";
			dstSubfolderSpec = 10;
			files = (
			);
			runOnlyForDeploymentPostprocessing = 0;
		};
/* End PBXCopyFilesBuildPhase section */

/* Begin PBXFileReference section */
		"018CD29A-3BFB-4A94-A534-E09ACB8D9783" /* ofxBaseGui.h */ = {isa = PBXFileReference; explicitFileType = sourcecode.c.h; fileEncoding = 4; name = ofxBaseGui.h; path = ../../../addons/ofxGui/src/ofxBaseGui.h; sourceTree = SOURCE_ROOT; };
		"023F88CC-DBDA-4951-A69E-D32FD73B4F9D" /* ofxColorPicker.h */ = {isa = PBXFileReference; explicitFileType = sourcecode.c.h; fileEncoding = 4; name = ofxColorPicker.h; path = ../../../addons/ofxGui/src/ofxColorPicker.h; sourceTree = SOURCE_ROOT; };
		"027107F7-2289-448E-9A21-F18920CDFB1F" /* OscException.h */ = {isa = PBXFileReference; explicitFileType = sourcecode.c.h; fileEncoding = 4; name = OscException.h; path = ../../../addons/ofxOsc/libs/oscpack/src/osc/OscException.h; sourceTree = SOURCE_ROOT; };
		"06A688EA-C809-42BC-9DD2-7DF38841D68E" /* ofxGuiGroup.cpp */ = {isa = PBXFileReference; explicitFileType = sourcecode.cpp.cpp; fileEncoding = 4; name = ofxGuiGroup.cpp; path = ../../../addons/ofxGui/src/ofxGuiGroup.cpp; sourceTree = SOURCE_ROOT; };
		"06C43FFA-B8FE-453B-9EAD-0A711883C198" /* ofxBaseGui.cpp */ = {isa = PBXFileReference; explicitFileType = sourcecode.cpp.cpp; fileEncoding = 4; name = ofxBaseGui.cpp; path = ../../../addons/ofxGui/src/ofxBaseGui.cpp; sourceTree = SOURCE_ROOT; };
		"0A251133-9265-4631-A6AC-852B11F56113" /* OscTypes.cpp */ = {isa = PBXFileReference; explicitFileType = sourcecode.cpp.cpp; fileEncoding = 4; name = OscTypes.cpp; path = ../../../addons/ofxOsc/libs/oscpack/src/osc/OscTypes.cpp; sourceTree = SOURCE_ROOT; };
		"0E5C098D-CE97-4D5D-9347-302030B0BE69" /* ofxOscSender.cpp */ = {isa = PBXFileReference; explicitFileType = sourcecode.cpp.cpp; fileEncoding = 4; name = ofxOscSender.cpp; path = ../../../addons/ofxOsc/src/ofxOscSender.cpp; sourceTree = SOURCE_ROOT; };
		"0E6661FC-29A1-49E3-95E7-9C6B8AB2A96E" /* ofxSliderGroup.h */ = {isa = PBXFileReference; explicitFileType = sourcecode.c.h; fileEncoding = 4; name = ofxSliderGroup.h; path = ../../../addons/ofxGui/src/ofxSliderGroup.h; sourceTree = SOURCE_ROOT; };
		"16211450-F3F9-482D-95A2-B3FB16E0E2D7" /* ofxLabel.h */ = {isa = PBXFileReference; explicitFileType = sourcecode.c.h; fileEncoding = 4; name = ofxLabel.h; path = ../../../addons/ofxGui/src/ofxLabel.h; sourceTree = SOURCE_ROOT; };
		"18F254E4-09AB-4D81-8A6A-DF1DDB17829F" /* IpEndpointName.cpp */ = {isa = PBXFileReference; explicitFileType = sourcecode.cpp.cpp; fileEncoding = 4; name = IpEndpointName.cpp; path = ../../../addons/ofxOsc/libs/oscpack/src/ip/IpEndpointName.cpp; sourceTree = SOURCE_ROOT; };
		191CD6FA2847E21E0085CBB6 /* of.entitlements */ = {isa = PBXFileReference; fileEncoding = 4; lastKnownFileType = text.plist.entitlements; path = of.entitlements; sourceTree = "<group>"; };
		191EF70929D778A400F35F26 /* openFrameworks */ = {isa = PBXFileReference; lastKnownFileType = folder; name = openFrameworks; path = ../../../libs/openFrameworks; sourceTree = SOURCE_ROOT; };
		"1DAC2049-D1FC-449F-BCDA-C26CF6E18BEC" /* TimerListener.h */ = {isa = PBXFileReference; explicitFileType = sourcecode.c.h; fileEncoding = 4; name = TimerListener.h; path = ../../../addons/ofxOsc/libs/oscpack/src/ip/TimerListener.h; sourceTree = SOURCE_ROOT; };
		"1FF5E6B2-8023-4357-A357-9BF7FFFA22A0" /* FluidSystem3D.cpp */ = {isa = PBXFileReference; explicitFileType = sourcecode.cpp.cpp; fileEncoding = 4; name = FluidSystem3D.cpp; path = src/FluidSystem3D.cpp; sourceTree = SOURCE_ROOT; };
		"21731945-5157-4143-BDFD-209F89ACEA60" /* NetworkingUtils.cpp */ = {isa = PBXFileReference; explicitFileType = sourcecode.cpp.cpp; fileEncoding = 4; name = NetworkingUtils.cpp; path = ../../../addons/ofxOsc/libs/oscpack/src/ip/posix/NetworkingUtils.cpp; sourceTree = SOURCE_ROOT; };
		"25900C75-E7CD-42C2-B1B7-E0E7E0F18CBA" /* IpEndpointName.h */ = {isa = PBXFileReference; explicitFileType = sourcecode.c.h; fileEncoding = 4; name = IpEndpointName.h; path = ../../../addons/ofxOsc/libs/oscpack/src/ip/IpEndpointName.h; sourceTree = SOURCE_ROOT; };
		"283937ED-804F-4416-9891-BBAA637FE384" /* OscHostEndianness.h */ = {isa = PBXFileReference; explicitFileType = sourcecode.c.h; fileEncoding = 4; name = OscHostEndianness.h; path = ../../../addons/ofxOsc/libs/oscpack/src/osc/OscHostEndianness.h; sourceTree = SOURCE_ROOT; };
		"2B07F91F-60C4-4479-99B0-8BEB74D45BDA" /* ofxOscMessage.cpp */ = {isa = PBXFileReference; explicitFileType = sourcecode.cpp.cpp; fileEncoding = 4; name = ofxOscMessage.cpp; path = ../../../addons/ofxOsc/src/ofxOscMessage.cpp; sourceTree = SOURCE_ROOT; };
		"2EB2B4C8-36E5-43B5-BEB6-303A81E1832F" /* OscOutboundPacketStream.h */ = {isa = PBXFileReference; explicitFileType = sourcecode.c.h; fileEncoding = 4; name = OscOutboundPacketStream.h; path = ../../../addons/ofxOsc/libs/oscpack/src/osc/OscOutboundPacketStream.h; sourceTree = SOURCE_ROOT; };
		"34367DEB-B900-4D39-A325-1759FD5FA49D" /* ofxOscSender.h */ = {isa = PBXFileReference; explicitFileType = sourcecode.c.h; fileEncoding = 4; name = ofxOscSender.h; path = ../../../addons/ofxOsc/src/ofxOscSender.h; sourceTree = SOURCE_ROOT; };
		"3C698E40-F02F-4A37-9DC0-4B8CB8577C7B" /* OscTypes.h */ = {isa = PBXFileReference; explicitFileType = sourcecode.c.h; fileEncoding = 4; name = OscTypes.h; path = ../../../addons/ofxOsc/libs/oscpack/src/osc/OscTypes.h; sourceTree = SOURCE_ROOT; };
		"42690F73-98DF-462A-A4F4-08E7F9645B44" /* ofxSlider.cpp */ = {isa = PBXFileReference; explicitFileType = sourcecode.cpp.cpp; fileEncoding = 4; name = ofxSlider.cpp; path = ../../../addons/ofxGui/src/ofxSlider.cpp; sourceTree = SOURCE_ROOT; };
		"46731699-884E-4161-AF63-B1478A6316D3" /* ofxOscArg.h */ = {isa = PBXFileReference; explicitFileType = sourcecode.c.h; fileEncoding = 4; name = ofxOscArg.h; path = ../../../addons/ofxOsc/src/ofxOscArg.h; sourceTree = SOURCE_ROOT; };
		"4B08D339-8B9C-4F43-A72E-6FCC2D5A88B3" /* PacketListener.h */ = {isa = PBXFileReference; explicitFileType = sourcecode.c.h; fileEncoding = 4; name = PacketListener.h; path = ../../../addons/ofxOsc/libs/oscpack/src/ip/PacketListener.h; sourceTree = SOURCE_ROOT; };
		"4C5DF9EC-51C3-4B73-BE7A-BE64E316FE82" /* ofxOscBundle.h */ = {isa = PBXFileReference; explicitFileType = sourcecode.c.h; fileEncoding = 4; name = ofxOscBundle.h; path = ../../../addons/ofxOsc/src/ofxOscBundle.h; sourceTree = SOURCE_ROOT; };
		"51033050-3AC6-4646-9E6B-63379192F97B" /* ofxSliderGroup.cpp */ = {isa = PBXFileReference; explicitFileType = sourcecode.cpp.cpp; fileEncoding = 4; name = ofxSliderGroup.cpp; path = ../../../addons/ofxGui/src/ofxSliderGroup.cpp; sourceTree = SOURCE_ROOT; };
		"51408427-D607-4C37-8DC1-9FC1E541B0A3" /* ofxLabel.cpp */ = {isa = PBXFileReference; explicitFileType = sourcecode.cpp.cpp; fileEncoding = 4; name = ofxLabel.cpp; path = ../../../addons/ofxGui/src/ofxLabel.cpp; sourceTree = SOURCE_ROOT; };
		"5625049C-6B1C-4407-8C3A-6D20F20BAA0C" /* Particle.hpp */ = {isa = PBXFileReference; explicitFileType = sourcecode.c.h; fileEncoding = 4; name = Particle.hpp; path = src/Particle.hpp; sourceTree = SOURCE_ROOT; };
		"6040581C-670A-407E-AB1E-4D97C106139D" /* ofxColorPicker.cpp */ = {isa = PBXFileReference; explicitFileType = sourcecode.cpp.cpp; fileEncoding = 4; name = ofxColorPicker.cpp; path = ../../../addons/ofxGui/src/ofxColorPicker.cpp; sourceTree = SOURCE_ROOT; };
		"6675EF9D-150D-466C-855B-0AAF047BD633" /* OscReceivedElements.h */ = {isa = PBXFileReference; explicitFileType = sourcecode.c.h; fileEncoding = 4; name = OscReceivedElements.h; path = ../../../addons/ofxOsc/libs/oscpack/src/osc/OscReceivedElements.h; sourceTree = SOURCE_ROOT; };
		"69D0656C-EC0E-4B90-B615-0E35078A3A08" /* ofxInputField.cpp */ = {isa = PBXFileReference; explicitFileType = sourcecode.cpp.cpp; fileEncoding = 4; name = ofxInputField.cpp; path = ../../../addons/ofxGui/src/ofxInputField.cpp; sourceTree = SOURCE_ROOT; };
		"6A30F88D-0189-4F22-BC58-C2DEECFCD636" /* ofxOscReceiver.h */ = {isa = PBXFileReference; explicitFileType = sourcecode.c.h; fileEncoding = 4; name = ofxOscReceiver.h; path = ../../../addons/ofxOsc/src/ofxOscReceiver.h; sourceTree = SOURCE_ROOT; };
		"72749C39-A1DE-4ADE-B889-69B12732AFD6" /* FluidSystem2D.hpp */ = {isa = PBXFileReference; explicitFileType = sourcecode.c.h; fileEncoding = 4; name = FluidSystem2D.hpp; path = src/FluidSystem2D.hpp; sourceTree = SOURCE_ROOT; };
		"751845D8-0493-4D69-9D2D-FB9FD96A818E" /* FluidSystem3D.hpp */ = {isa = PBXFileReference; explicitFileType = sourcecode.c.h; fileEncoding = 4; name = FluidSystem3D.hpp; path = src/FluidSystem3D.hpp; sourceTree = SOURCE_ROOT; };
		"77A71F7B-3E82-4333-AD18-77E04E011ABF" /* ParticleSystem.cpp */ = {isa = PBXFileReference; explicitFileType = sourcecode.cpp.cpp; fileEncoding = 4; name = ParticleSystem.cpp; path = src/ParticleSystem.cpp; sourceTree = SOURCE_ROOT; };
		"78A38EB2-87A3-4221-90FF-F500B51CFFD0" /* ParticleSystem.hpp */ = {isa = PBXFileReference; explicitFileType = sourcecode.c.h; fileEncoding = 4; name = ParticleSystem.hpp; path = src/ParticleSystem.hpp; sourceTree = SOURCE_ROOT; };
		"79F575EE-D429-47A8-BFE7-08AED0413CE8" /* OscReceivedElements.cpp */ = {isa = PBXFileReference; explicitFileType = sourcecode.cpp.cpp; fileEncoding = 4; name = OscReceivedElements.cpp; path = ../../../addons/ofxOsc/libs/oscpack/src/osc/OscReceivedElements.cpp; sourceTree = SOURCE_ROOT; };
		"7B506261-1518-4564-BEA4-36E00FBBDE55" /* ofxButton.h */ = {isa = PBXFileReference; explicitFileType = sourcecode.c.h; fileEncoding = 4; name = ofxButton.h; path = ../../../addons/ofxGui/src/ofxButton.h; sourceTree = SOURCE_ROOT; };
		"7D676AB1-576A-4693-9E8C-0F3D4DEE53C5" /* Kernels.cpp */ = {isa = PBXFileReference; explicitFileType = sourcecode.cpp.cpp; fileEncoding = 4; name = Kernels.cpp; path = src/Kernels.cpp; sourceTree = SOURCE_ROOT; };
		"7EBEC16E-2A18-4C6F-94AC-7FCC9E373A48" /* UdpSocket.h */ = {isa = PBXFileReference; explicitFileType = sourcecode.c.h; fileEncoding = 4; name = UdpSocket.h; path = ../../../addons/ofxOsc/libs/oscpack/src/ip/UdpSocket.h; sourceTree = SOURCE_ROOT; };
		"81F33172-1441-480E-ADC2-2DFC35C4334C" /* Kernels.hpp */ = {isa = PBXFileReference; explicitFileType = sourcecode.c.h; fileEncoding = 4; name = Kernels.hpp; path = src/Kernels.hpp; sourceTree = SOURCE_ROOT; };
		"90459FB5-728C-4CBB-966D-BE43B3A2EE7F" /* ofxPanel.h */ = {isa = PBXFileReference; explicitFileType = sourcecode.c.h; fileEncoding = 4; name = ofxPanel.h; path = ../../../addons/ofxGui/src/ofxPanel.h; sourceTree = SOURCE_ROOT; };
		"924598D4-FBC8-488D-B308-27CD928836CD" /* OscPrintReceivedElements.h */ = {isa = PBXFileReference; explicitFileType = sourcecode.c.h; fileEncoding = 4; name = OscPrintReceivedElements.h; path = ../../../addons/ofxOsc/libs/oscpack/src/osc/OscPrintReceivedElements.h; sourceTree = SOURCE_ROOT; };
		"9943DC4C-E841-4DED-8884-A2864A866810" /* ofxToggle.h */ = {isa = PBXFileReference; explicitFileType = sourcecode.c.h; fileEncoding = 4; name = ofxToggle.h; path = ../../../addons/ofxGui/src/ofxToggle.h; sourceTree = SOURCE_ROOT; };
		"9CE7D11D-253D-458D-9E6B-6344D6A8D00F" /* OscOutboundPacketStream.cpp */ = {isa = PBXFileReference; explicitFileType = sourcecode.cpp.cpp; fileEncoding = 4; name = OscOutboundPacketStream.cpp; path = ../../../addons/ofxOsc/libs/oscpack/src/osc/OscOutboundPacketStream.cpp; sourceTree = SOURCE_ROOT; };
		"AF4C8D82-73C7-4141-8619-C7B44987BF60" /* ofxOscParameterSync.cpp */ = {isa = PBXFileReference; explicitFileType = sourcecode.cpp.cpp; fileEncoding = 4; name = ofxOscParameterSync.cpp; path = ../../../addons/ofxOsc/src/ofxOscParameterSync.cpp; sourceTree = SOURCE_ROOT; };
		"AFA6549E-0E67-4CD8-AB82-AF568CBF92B1" /* ofxGuiUtils.h */ = {isa = PBXFileReference; explicitFileType = sourcecode.c.h; fileEncoding = 4; name = ofxGuiUtils.h; path = ../../../addons/ofxGui/src/ofxGuiUtils.h; sourceTree = SOURCE_ROOT; };
		"B1A638A7-872A-42D4-B0FD-4CD55BE6CB72" /* ofxOsc.h */ = {isa = PBXFileReference; explicitFileType = sourcecode.c.h; fileEncoding = 4; name = ofxOsc.h; path = ../../../addons/ofxOsc/src/ofxOsc.h; sourceTree = SOURCE_ROOT; };
		"B292B6C6-7627-4147-84B6-531ED4ADF5BB" /* OscPacketListener.h */ = {isa = PBXFileReference; explicitFileType = sourcecode.c.h; fileEncoding = 4; name = OscPacketListener.h; path = ../../../addons/ofxOsc/libs/oscpack/src/osc/OscPacketListener.h; sourceTree = SOURCE_ROOT; };
		"B94F6AE1-5CB9-4AB0-BC94-97ABF0CE0404" /* OscPrintReceivedElements.cpp */ = {isa = PBXFileReference; explicitFileType = sourcecode.cpp.cpp; fileEncoding = 4; name = OscPrintReceivedElements.cpp; path = ../../../addons/ofxOsc/libs/oscpack/src/osc/OscPrintReceivedElements.cpp; sourceTree = SOURCE_ROOT; };
		"BA250A62-93AF-47A0-904A-7FBA24525D99" /* ofxOscMessage.h */ = {isa = PBXFileReference; explicitFileType = sourcecode.c.h; fileEncoding = 4; name = ofxOscMessage.h; path = ../../../addons/ofxOsc/src/ofxOscMessage.h; sourceTree = SOURCE_ROOT; };
		"BBAEE2B0-D5D5-4421-88AC-FD0ABF7B5628" /* ofxInputField.h */ = {isa = PBXFileReference; explicitFileType = sourcecode.c.h; fileEncoding = 4; name = ofxInputField.h; path = ../../../addons/ofxGui/src/ofxInputField.h; sourceTree = SOURCE_ROOT; };
		"C4E55D6E-1C13-404F-A496-9C6C2A423C78" /* Particle.cpp */ = {isa = PBXFileReference; explicitFileType = sourcecode.cpp.cpp; fileEncoding = 4; name = Particle.cpp; path = src/Particle.cpp; sourceTree = SOURCE_ROOT; };
		"CE111C30-7044-488A-80A8-EF40D06CC708" /* ofxToggle.cpp */ = {isa = PBXFileReference; explicitFileType = sourcecode.cpp.cpp; fileEncoding = 4; name = ofxToggle.cpp; path = ../../../addons/ofxGui/src/ofxToggle.cpp; sourceTree = SOURCE_ROOT; };
		"D3506E96-50AC-4AF2-8802-60DA69420B8C" /* ofxGuiGroup.h */ = {isa = PBXFileReference; explicitFileType = sourcecode.c.h; fileEncoding = 4; name = ofxGuiGroup.h; path = ../../../addons/ofxGui/src/ofxGuiGroup.h; sourceTree = SOURCE_ROOT; };
		"D3C427D3-F923-41E1-94A1-C759DF57969F" /* FluidSystem2D.cpp */ = {isa = PBXFileReference; explicitFileType = sourcecode.cpp.cpp; fileEncoding = 4; name = FluidSystem2D.cpp; path = src/FluidSystem2D.cpp; sourceTree = SOURCE_ROOT; };
		"D8970A40-2E71-4FC3-9E69-A2EB540B5489" /* ofxOscReceiver.cpp */ = {isa = PBXFileReference; explicitFileType = sourcecode.cpp.cpp; fileEncoding = 4; name = ofxOscReceiver.cpp; path = ../../../addons/ofxOsc/src/ofxOscReceiver.cpp; sourceTree = SOURCE_ROOT; };
		"DCDEA2E0-2230-4FA2-96C3-207230527BBA" /* ofxPanel.cpp */ = {isa = PBXFileReference; explicitFileType = sourcecode.cpp.cpp; fileEncoding = 4; name = ofxPanel.cpp; path = ../../../addons/ofxGui/src/ofxPanel.cpp; sourceTree = SOURCE_ROOT; };
		E4B69B5B0A3A1756003C02F2 /* fluidSimulationDebug.app */ = {isa = PBXFileReference; explicitFileType = wrapper.application; includeInIndex = 0; path = fluidSimulationDebug.app; sourceTree = BUILT_PRODUCTS_DIR; };
		E4B69E1D0A3A1BDC003C02F2 /* main.cpp */ = {isa = PBXFileReference; fileEncoding = 4; lastKnownFileType = sourcecode.cpp.cpp; name = main.cpp; path = src/main.cpp; sourceTree = SOURCE_ROOT; };
		E4B69E1E0A3A1BDC003C02F2 /* ofApp.cpp */ = {isa = PBXFileReference; explicitFileType = sourcecode.cpp.cpp; fileEncoding = 4; name = ofApp.cpp; path = src/ofApp.cpp; sourceTree = SOURCE_ROOT; };
		E4B69E1F0A3A1BDC003C02F2 /* ofApp.h */ = {isa = PBXFileReference; fileEncoding = 4; lastKnownFileType = sourcecode.c.h; name = ofApp.h; path = src/ofApp.h; sourceTree = SOURCE_ROOT; };
		E4B6FCAD0C3E899E008CF71C /* openFrameworks-Info.plist */ = {isa = PBXFileReference; fileEncoding = 4; lastKnownFileType = text.plist.xml; path = "openFrameworks-Info.plist"; sourceTree = "<group>"; };
		E4EB6923138AFD0F00A09F29 /* Project.xcconfig */ = {isa = PBXFileReference; fileEncoding = 4; lastKnownFileType = text.xcconfig; path = Project.xcconfig; sourceTree = "<group>"; };
		"E5855BBB-AA7E-4B2B-9ADC-97C9733DB453" /* ofxOscParameterSync.h */ = {isa = PBXFileReference; explicitFileType = sourcecode.c.h; fileEncoding = 4; name = ofxOscParameterSync.h; path = ../../../addons/ofxOsc/src/ofxOscParameterSync.h; sourceTree = SOURCE_ROOT; };
		"ECA09844-CC4D-4453-B889-E707444D0355" /* MessageMappingOscPacketListener.h */ = {isa = PBXFileReference; explicitFileType = sourcecode.c.h; fileEncoding = 4; name = MessageMappingOscPacketListener.h; path = ../../../addons/ofxOsc/libs/oscpack/src/osc/MessageMappingOscPacketListener.h; sourceTree = SOURCE_ROOT; };
		"EEA00A45-7088-4C17-A30F-0B01F5AA0F85" /* ofxGui.h */ = {isa = PBXFileReference; explicitFileType = sourcecode.c.h; fileEncoding = 4; name = ofxGui.h; path = ../../../addons/ofxGui/src/ofxGui.h; sourceTree = SOURCE_ROOT; };
		"EFA8F4F3-D03D-4824-8325-63CFB48BF1BD" /* NetworkingUtils.h */ = {isa = PBXFileReference; explicitFileType = sourcecode.c.h; fileEncoding = 4; name = NetworkingUtils.h; path = ../../../addons/ofxOsc/libs/oscpack/src/ip/NetworkingUtils.h; sourceTree = SOURCE_ROOT; };
		"F066D7FA-698B-4827-851B-DA9CAEF00BBB" /* ofxOscBundle.cpp */ = {isa = PBXFileReference; explicitFileType = sourcecode.cpp.cpp; fileEncoding = 4; name = ofxOscBundle.cpp; path = ../../../addons/ofxOsc/src/ofxOscBundle.cpp; sourceTree = SOURCE_ROOT; };
		"F5A7EEB5-BBE2-4976-AB27-A99E17C5586C" /* ofxSlider.h */ = {isa = PBXFileReference; explicitFileType = sourcecode.c.h; fileEncoding = 4; name = ofxSlider.h; path = ../../../addons/ofxGui/src/ofxSlider.h; sourceTree = SOURCE_ROOT; };
		"FCFE93AA-6CDB-4B4F-A0F1-8DBE04C780BA" /* UdpSocket.cpp */ = {isa = PBXFileReference; explicitFileType = sourcecode.cpp.cpp; fileEncoding = 4; name = UdpSocket.cpp; path = ../../../addons/ofxOsc/libs/oscpack/src/ip/posix/UdpSocket.cpp; sourceTree = SOURCE_ROOT; };
		"FEAA0322-C790-4292-A50B-EBC1E5C95B5A" /* ofxButton.cpp */ = {isa = PBXFileReference; explicitFileType = sourcecode.cpp.cpp; fileEncoding = 4; name = ofxButton.cpp; path = ../../../addons/ofxGui/src/ofxButton.cpp; sourceTree = SOURCE_ROOT; };
/* End PBXFileReference section */

/* Begin PBXFrameworksBuildPhase section */
		E4B69B590A3A1756003C02F2 /* Frameworks */ = {
			isa = PBXFrameworksBuildPhase;
			buildActionMask = 2147483647;
			files = (
			);
			runOnlyForDeploymentPostprocessing = 0;
		};
/* End PBXFrameworksBuildPhase section */

/* Begin PBXGroup section */
		"2696F256-9D39-4585-9867-291882663E27" /* ip */ = {
			isa = PBXGroup;
			children = (
				"18F254E4-09AB-4D81-8A6A-DF1DDB17829F" /* IpEndpointName.cpp */,
				"25900C75-E7CD-42C2-B1B7-E0E7E0F18CBA" /* IpEndpointName.h */,
				"EFA8F4F3-D03D-4824-8325-63CFB48BF1BD" /* NetworkingUtils.h */,
				"4B08D339-8B9C-4F43-A72E-6FCC2D5A88B3" /* PacketListener.h */,
				"1DAC2049-D1FC-449F-BCDA-C26CF6E18BEC" /* TimerListener.h */,
				"7EBEC16E-2A18-4C6F-94AC-7FCC9E373A48" /* UdpSocket.h */,
				"A0A2349B-237A-4651-A440-64AD80AE0910" /* posix */,
			);
			name = ip;
			path = ../../../addons/ofxOsc/libs/oscpack/src/ip;
			sourceTree = SOURCE_ROOT;
		};
		"4C6AA630-5ED0-4F74-9018-F4CD40D662ED" /* osc */ = {
			isa = PBXGroup;
			children = (
				"ECA09844-CC4D-4453-B889-E707444D0355" /* MessageMappingOscPacketListener.h */,
				"027107F7-2289-448E-9A21-F18920CDFB1F" /* OscException.h */,
				"283937ED-804F-4416-9891-BBAA637FE384" /* OscHostEndianness.h */,
				"9CE7D11D-253D-458D-9E6B-6344D6A8D00F" /* OscOutboundPacketStream.cpp */,
				"2EB2B4C8-36E5-43B5-BEB6-303A81E1832F" /* OscOutboundPacketStream.h */,
				"B292B6C6-7627-4147-84B6-531ED4ADF5BB" /* OscPacketListener.h */,
				"B94F6AE1-5CB9-4AB0-BC94-97ABF0CE0404" /* OscPrintReceivedElements.cpp */,
				"924598D4-FBC8-488D-B308-27CD928836CD" /* OscPrintReceivedElements.h */,
				"79F575EE-D429-47A8-BFE7-08AED0413CE8" /* OscReceivedElements.cpp */,
				"6675EF9D-150D-466C-855B-0AAF047BD633" /* OscReceivedElements.h */,
				"0A251133-9265-4631-A6AC-852B11F56113" /* OscTypes.cpp */,
				"3C698E40-F02F-4A37-9DC0-4B8CB8577C7B" /* OscTypes.h */,
			);
			name = osc;
			path = ../../../addons/ofxOsc/libs/oscpack/src/osc;
			sourceTree = SOURCE_ROOT;
		};
		"52320060-B600-4F6E-A223-74777072DFED" /* src */ = {
			isa = PBXGroup;
			children = (
				"2696F256-9D39-4585-9867-291882663E27" /* ip */,
				"4C6AA630-5ED0-4F74-9018-F4CD40D662ED" /* osc */,
			);
			name = src;
			path = ../../../addons/ofxOsc/libs/oscpack/src;
			sourceTree = SOURCE_ROOT;
		};
		"5F6E7B01-4B89-490D-A7D9-97B6F5D2C85A" /* ofxOsc */ = {
			isa = PBXGroup;
			children = (
				"80C61A90-2193-4D5E-A65D-04D9B4E30EF6" /* libs */,
				"9A6BE4DD-2D62-4F44-AC74-56410568F04A" /* src */,
			);
			name = ofxOsc;
			path = ../../../addons/ofxOsc;
			sourceTree = SOURCE_ROOT;
		};
		"62397CF8-32D6-443B-95AD-F1B62A1F0C36" /* src */ = {
			isa = PBXGroup;
			children = (
				"06C43FFA-B8FE-453B-9EAD-0A711883C198" /* ofxBaseGui.cpp */,
				"018CD29A-3BFB-4A94-A534-E09ACB8D9783" /* ofxBaseGui.h */,
				"FEAA0322-C790-4292-A50B-EBC1E5C95B5A" /* ofxButton.cpp */,
				"7B506261-1518-4564-BEA4-36E00FBBDE55" /* ofxButton.h */,
				"6040581C-670A-407E-AB1E-4D97C106139D" /* ofxColorPicker.cpp */,
				"023F88CC-DBDA-4951-A69E-D32FD73B4F9D" /* ofxColorPicker.h */,
				"EEA00A45-7088-4C17-A30F-0B01F5AA0F85" /* ofxGui.h */,
				"06A688EA-C809-42BC-9DD2-7DF38841D68E" /* ofxGuiGroup.cpp */,
				"D3506E96-50AC-4AF2-8802-60DA69420B8C" /* ofxGuiGroup.h */,
				"AFA6549E-0E67-4CD8-AB82-AF568CBF92B1" /* ofxGuiUtils.h */,
				"69D0656C-EC0E-4B90-B615-0E35078A3A08" /* ofxInputField.cpp */,
				"BBAEE2B0-D5D5-4421-88AC-FD0ABF7B5628" /* ofxInputField.h */,
				"51408427-D607-4C37-8DC1-9FC1E541B0A3" /* ofxLabel.cpp */,
				"16211450-F3F9-482D-95A2-B3FB16E0E2D7" /* ofxLabel.h */,
				"DCDEA2E0-2230-4FA2-96C3-207230527BBA" /* ofxPanel.cpp */,
				"90459FB5-728C-4CBB-966D-BE43B3A2EE7F" /* ofxPanel.h */,
				"42690F73-98DF-462A-A4F4-08E7F9645B44" /* ofxSlider.cpp */,
				"F5A7EEB5-BBE2-4976-AB27-A99E17C5586C" /* ofxSlider.h */,
				"51033050-3AC6-4646-9E6B-63379192F97B" /* ofxSliderGroup.cpp */,
				"0E6661FC-29A1-49E3-95E7-9C6B8AB2A96E" /* ofxSliderGroup.h */,
				"CE111C30-7044-488A-80A8-EF40D06CC708" /* ofxToggle.cpp */,
				"9943DC4C-E841-4DED-8884-A2864A866810" /* ofxToggle.h */,
			);
			name = src;
			path = ../../../addons/ofxGui/src;
			sourceTree = SOURCE_ROOT;
		};
		"80C61A90-2193-4D5E-A65D-04D9B4E30EF6" /* libs */ = {
			isa = PBXGroup;
			children = (
				"8E2EF53B-0E63-4367-AB59-0799ED6BF2B0" /* oscpack */,
			);
			name = libs;
			path = ../../../addons/ofxOsc/libs;
			sourceTree = SOURCE_ROOT;
		};
		"8E2EF53B-0E63-4367-AB59-0799ED6BF2B0" /* oscpack */ = {
			isa = PBXGroup;
			children = (
				"52320060-B600-4F6E-A223-74777072DFED" /* src */,
			);
			name = oscpack;
			path = ../../../addons/ofxOsc/libs/oscpack;
			sourceTree = SOURCE_ROOT;
		};
		"9A6BE4DD-2D62-4F44-AC74-56410568F04A" /* src */ = {
			isa = PBXGroup;
			children = (
				"B1A638A7-872A-42D4-B0FD-4CD55BE6CB72" /* ofxOsc.h */,
				"46731699-884E-4161-AF63-B1478A6316D3" /* ofxOscArg.h */,
				"F066D7FA-698B-4827-851B-DA9CAEF00BBB" /* ofxOscBundle.cpp */,
				"4C5DF9EC-51C3-4B73-BE7A-BE64E316FE82" /* ofxOscBundle.h */,
				"2B07F91F-60C4-4479-99B0-8BEB74D45BDA" /* ofxOscMessage.cpp */,
				"BA250A62-93AF-47A0-904A-7FBA24525D99" /* ofxOscMessage.h */,
				"AF4C8D82-73C7-4141-8619-C7B44987BF60" /* ofxOscParameterSync.cpp */,
				"E5855BBB-AA7E-4B2B-9ADC-97C9733DB453" /* ofxOscParameterSync.h */,
				"D8970A40-2E71-4FC3-9E69-A2EB540B5489" /* ofxOscReceiver.cpp */,
				"6A30F88D-0189-4F22-BC58-C2DEECFCD636" /* ofxOscReceiver.h */,
				"0E5C098D-CE97-4D5D-9347-302030B0BE69" /* ofxOscSender.cpp */,
				"34367DEB-B900-4D39-A325-1759FD5FA49D" /* ofxOscSender.h */,
			);
			name = src;
			path = ../../../addons/ofxOsc/src;
			sourceTree = SOURCE_ROOT;
		};
		"A0A2349B-237A-4651-A440-64AD80AE0910" /* posix */ = {
			isa = PBXGroup;
			children = (
				"21731945-5157-4143-BDFD-209F89ACEA60" /* NetworkingUtils.cpp */,
				"FCFE93AA-6CDB-4B4F-A0F1-8DBE04C780BA" /* UdpSocket.cpp */,
			);
			name = posix;
			path = ../../../addons/ofxOsc/libs/oscpack/src/ip/posix;
			sourceTree = SOURCE_ROOT;
		};
		BB4B014C10F69532006C3DED /* addons */ = {
			isa = PBXGroup;
			children = (
				"CB4C8479-56E8-47F7-91CB-816011AF06B1" /* ofxGui */,
				"5F6E7B01-4B89-490D-A7D9-97B6F5D2C85A" /* ofxOsc */,
			);
			name = addons;
			path = ../../../addons;
			sourceTree = "<group>";
		};
		"CB4C8479-56E8-47F7-91CB-816011AF06B1" /* ofxGui */ = {
			isa = PBXGroup;
			children = (
				"62397CF8-32D6-443B-95AD-F1B62A1F0C36" /* src */,
			);
			name = ofxGui;
			path = ../../../addons/ofxGui;
			sourceTree = SOURCE_ROOT;
		};
		E4B69B4A0A3A1720003C02F2 = {
			isa = PBXGroup;
			children = (
				191CD6FA2847E21E0085CBB6 /* of.entitlements */,
				E4B6FCAD0C3E899E008CF71C /* openFrameworks-Info.plist */,
				E4EB6923138AFD0F00A09F29 /* Project.xcconfig */,
				E4B69E1C0A3A1BDC003C02F2 /* src */,
				191EF70929D778A400F35F26 /* openFrameworks */,
				BB4B014C10F69532006C3DED /* addons */,
				E4B69B5B0A3A1756003C02F2 /* fluidSimulationDebug.app */,
			);
			sourceTree = "<group>";
		};
		E4B69E1C0A3A1BDC003C02F2 /* src */ = {
			isa = PBXGroup;
			children = (
				E4B69E1D0A3A1BDC003C02F2 /* main.cpp */,
				E4B69E1E0A3A1BDC003C02F2 /* ofApp.cpp */,
				E4B69E1F0A3A1BDC003C02F2 /* ofApp.h */,
				"D3C427D3-F923-41E1-94A1-C759DF57969F" /* FluidSystem2D.cpp */,
				"72749C39-A1DE-4ADE-B889-69B12732AFD6" /* FluidSystem2D.hpp */,
				"1FF5E6B2-8023-4357-A357-9BF7FFFA22A0" /* FluidSystem3D.cpp */,
				"751845D8-0493-4D69-9D2D-FB9FD96A818E" /* FluidSystem3D.hpp */,
				"7D676AB1-576A-4693-9E8C-0F3D4DEE53C5" /* Kernels.cpp */,
				"81F33172-1441-480E-ADC2-2DFC35C4334C" /* Kernels.hpp */,
				"C4E55D6E-1C13-404F-A496-9C6C2A423C78" /* Particle.cpp */,
				"5625049C-6B1C-4407-8C3A-6D20F20BAA0C" /* Particle.hpp */,
				"77A71F7B-3E82-4333-AD18-77E04E011ABF" /* ParticleSystem.cpp */,
				"78A38EB2-87A3-4221-90FF-F500B51CFFD0" /* ParticleSystem.hpp */,
			);
			path = src;
			sourceTree = SOURCE_ROOT;
		};
/* End PBXGroup section */

/* Begin PBXNativeTarget section */
		E4B69B5A0A3A1756003C02F2 /* fluidSimulation */ = {
			isa = PBXNativeTarget;
			buildConfigurationList = E4B69B5F0A3A1757003C02F2 /* Build configuration list for PBXNativeTarget "fluidSimulation" */;
			buildPhases = (
				E42962A92163ECCD00A6A9E2 /* Run Script — Compile OF */,
				E4B69B580A3A1756003C02F2 /* Sources */,
				E4B69B590A3A1756003C02F2 /* Frameworks */,
				E4C2427710CC5ABF004149E2 /* CopyFiles */,
				E4A5B60F29BAAAE400C2D356 /* CopyFiles */,
				19B789C429E5AB4A0082E9B8 /* ShellScript */,
			);
			buildRules = (
			);
			dependencies = (
			);
			name = fluidSimulation;
			productName = myOFApp;
			productReference = E4B69B5B0A3A1756003C02F2 /* fluidSimulationDebug.app */;
			productType = "com.apple.product-type.application";
		};
/* End PBXNativeTarget section */

/* Begin PBXProject section */
		E4B69B4C0A3A1720003C02F2 /* Project object */ = {
			isa = PBXProject;
			attributes = {
				LastUpgradeCheck = 0600;
			};
			buildConfigurationList = E4B69B4D0A3A1720003C02F2 /* Build configuration list for PBXProject "fluidSimulation" */;
			compatibilityVersion = "Xcode 3.2";
			developmentRegion = en;
			hasScannedForEncodings = 0;
			knownRegions = (
				en,
				Base,
			);
			mainGroup = E4B69B4A0A3A1720003C02F2;
			productRefGroup = E4B69B4A0A3A1720003C02F2;
			projectDirPath = "";
			projectRoot = "";
			targets = (
				E4B69B5A0A3A1756003C02F2 /* fluidSimulation */,
			);
		};
/* End PBXProject section */

/* Begin PBXShellScriptBuildPhase section */
		19B789C429E5AB4A0082E9B8 /* ShellScript */ = {
			isa = PBXShellScriptBuildPhase;
			buildActionMask = 2147483647;
			files = (
			);
			inputFileListPaths = (
			);
			inputPaths = (
			);
			outputFileListPaths = (
			);
			outputPaths = (
			);
			runOnlyForDeploymentPostprocessing = 0;
			shellPath = /bin/sh;
			shellScript = "\"$OF_PATH/scripts/osx/xcode_project.sh\"\n";
			showEnvVarsInLog = 0;
		};
		E42962A92163ECCD00A6A9E2 /* Run Script — Compile OF */ = {
			isa = PBXShellScriptBuildPhase;
			alwaysOutOfDate = 1;
			buildActionMask = 2147483647;
			files = (
			);
			inputPaths = (
			);
			name = "Run Script — Compile OF";
			outputPaths = (
			);
			runOnlyForDeploymentPostprocessing = 0;
			shellPath = /bin/sh;
			shellScript = "echo \"💾 Compiling Openframeworks\"\nxcodebuild -project \"$OF_PATH/libs/openFrameworksCompiled/project/osx/openFrameworksLib.xcodeproj\" -target openFrameworks -configuration \"${CONFIGURATION}\"  CLANG_CXX_LANGUAGE_STANDARD=$CLANG_CXX_LANGUAGE_STANDARD MACOSX_DEPLOYMENT_TARGET=$MACOSX_DEPLOYMENT_TARGET GCC_PREPROCESSOR_DEFINITIONS=$USER_PREPROCESSOR_DEFINITIONS\n";
			showEnvVarsInLog = 0;
		};
/* End PBXShellScriptBuildPhase section */

/* Begin PBXSourcesBuildPhase section */
		E4B69B580A3A1756003C02F2 /* Sources */ = {
			isa = PBXSourcesBuildPhase;
			buildActionMask = 2147483647;
			files = (
				E4B69E200A3A1BDC003C02F2 /* main.cpp in Sources */,
				E4B69E210A3A1BDC003C02F2 /* ofApp.cpp in Sources */,
				"0E35FD18-C6E0-44D0-83C9-048375D8BA71" /* FluidSystem2D.cpp in Sources */,
				"219D6488-2190-4FC8-B263-FDDB6A856348" /* FluidSystem3D.cpp in Sources */,
				"CF3ECC67-B12A-43B6-ACE9-0094583546DE" /* Kernels.cpp in Sources */,
				"B248AAC5-D82D-4CD2-A714-A08FA1DD9D6B" /* Particle.cpp in Sources */,
				"078CFFEC-7CD1-4FF3-89C9-9030FB89191D" /* ParticleSystem.cpp in Sources */,
				"2E2891C3-6678-4C29-855D-0271AF85CA78" /* ofxBaseGui.cpp in Sources */,
				"A958D5EA-6135-4DDC-99F7-066F7FCAE93D" /* ofxButton.cpp in Sources */,
				"7FB6CE13-C793-4262-9B7F-C6C1A65D86CD" /* ofxColorPicker.cpp in Sources */,
				"D7B6AD16-4895-4661-B064-211A15617735" /* ofxGuiGroup.cpp in Sources */,
				"77E40352-349A-4568-83C1-06B14151F989" /* ofxInputField.cpp in Sources */,
				"A6FB9A97-F955-411C-BEAB-A63C6644D925" /* ofxLabel.cpp in Sources */,
				"D12C1AD1-B2DA-47B9-A40E-B968255D62E0" /* ofxPanel.cpp in Sources */,
				"207B894F-8C3B-4D6B-8B48-85CC3B420810" /* ofxSlider.cpp in Sources */,
				"C1F17A48-14D5-49BF-AD9D-60F1B6DB7D37" /* ofxSliderGroup.cpp in Sources */,
				"D3A34515-59F6-4E79-A0C9-56CBA139D666" /* ofxToggle.cpp in Sources */,
				"CF7E8A22-C174-4E91-A176-216AA80B9470" /* IpEndpointName.cpp in Sources */,
				"067B52E0-E217-4B18-9C2F-C355250A7CCF" /* NetworkingUtils.cpp in Sources */,
				"4F5547DB-5351-44FD-90DD-65E6A0FA99F4" /* UdpSocket.cpp in Sources */,
				"0632764A-E5BC-42D9-89C3-D575F2177108" /* OscOutboundPacketStream.cpp in Sources */,
				"E8B92708-946F-49ED-8A87-0D0762B1EC45" /* OscPrintReceivedElements.cpp in Sources */,
				"F5B0E757-F887-4B18-A293-F9B245676B6B" /* OscReceivedElements.cpp in Sources */,
				"93C27E4C-3ECF-4CCA-8CB8-4FB9D8AD08B2" /* OscTypes.cpp in Sources */,
				"6618B18D-369E-42E2-B000-DD9D23C34D8E" /* ofxOscBundle.cpp in Sources */,
				"637408DB-7305-42AB-A4E6-79467DE5C28B" /* ofxOscMessage.cpp in Sources */,
				"6F3A4A30-174C-46A4-9101-0B78BC020699" /* ofxOscParameterSync.cpp in Sources */,
				"0B37B16C-DEE0-47F6-B91A-4FBB2C6F79E7" /* ofxOscReceiver.cpp in Sources */,
				"B64BD75D-A695-45E6-9884-FFC1B04F80AD" /* ofxOscSender.cpp in Sources */,
			);
			runOnlyForDeploymentPostprocessing = 0;
		};
/* End PBXSourcesBuildPhase section */

/* Begin XCBuildConfiguration section */
		E4B69B4E0A3A1720003C02F2 /* Debug */ = {
			isa = XCBuildConfiguration;
			baseConfigurationReference = E4EB6923138AFD0F00A09F29 /* Project.xcconfig */;
			buildSettings = {
				CODE_SIGN_ENTITLEMENTS = of.entitlements;
				COPY_PHASE_STRIP = NO;
				ENABLE_TESTABILITY = YES;
				GCC_OPTIMIZATION_LEVEL = 0;
				GCC_WARN_UNUSED_VARIABLE = NO;
				HEADER_SEARCH_PATHS = (
					"$(OF_CORE_HEADERS)",
					src,
				);
				OTHER_CPLUSPLUSFLAGS = "-D__MACOSX_CORE__";
			};
			name = Debug;
		};
		E4B69B4F0A3A1720003C02F2 /* Release */ = {
			isa = XCBuildConfiguration;
			baseConfigurationReference = E4EB6923138AFD0F00A09F29 /* Project.xcconfig */;
			buildSettings = {
				CODE_SIGN_ENTITLEMENTS = of.entitlements;
				COPY_PHASE_STRIP = YES;
				GCC_OPTIMIZATION_LEVEL = 3;
				GCC_UNROLL_LOOPS = YES;
				HEADER_SEARCH_PATHS = (
					"$(OF_CORE_HEADERS)",
					src,
				);
				OTHER_CPLUSPLUSFLAGS = "-D__MACOSX_CORE__";
			};
			name = Release;
		};
		E4B69B600A3A1757003C02F2 /* Debug */ = {
			isa = XCBuildConfiguration;
			baseConfigurationReference = E4EB6923138AFD0F00A09F29 /* Project.xcconfig */;
			buildSettings = {
				ARCHS = "$(ARCHS_STANDARD)";
				COPY_PHASE_STRIP = NO;
				FRAMEWORK_SEARCH_PATHS = "$(inherited)";
				GCC_DYNAMIC_NO_PIC = NO;
				HEADER_SEARCH_PATHS = (
					"$(OF_CORE_HEADERS)",
					src,
					src,
					../../../addons/ofxGui/src,
					../../../addons/ofxOsc/libs,
					../../../addons/ofxOsc/libs/oscpack,
					../../../addons/ofxOsc/libs/oscpack/src,
					../../../addons/ofxOsc/libs/oscpack/src/ip,
					../../../addons/ofxOsc/libs/oscpack/src/ip/posix,
					../../../addons/ofxOsc/libs/oscpack/src/osc,
					../../../addons/ofxOsc/src,
				);
				"HEADER_SEARCH_PATHS[arch=*]" = (
					"$(OF_CORE_HEADERS)",
					src,
					src,
					../../../addons/ofxGui/src,
					../../../addons/ofxOsc/libs,
					../../../addons/ofxOsc/libs/oscpack,
					../../../addons/ofxOsc/libs/oscpack/src,
					../../../addons/ofxOsc/libs/oscpack/src/ip,
					../../../addons/ofxOsc/libs/oscpack/src/ip/posix,
					../../../addons/ofxOsc/libs/oscpack/src/osc,
					../../../addons/ofxOsc/src,
					/opt/homebrew/Cellar/tbb/2021.11.0/include,
				);
				LIBRARY_SEARCH_PATHS = "$(inherited)";
				"LIBRARY_SEARCH_PATHS[arch=*]" = (
					"$(inherited)",
					/opt/homebrew/Cellar/tbb/2021.11.0/lib,
				);
				OTHER_LDFLAGS = (
					"$(OF_CORE_LIBS)",
					"$(OF_CORE_FRAMEWORKS)",
					"$(LIB_OF_DEBUG)",
				);
				"OTHER_LDFLAGS[arch=*]" = (
					"$(OF_CORE_LIBS)",
					"$(OF_CORE_FRAMEWORKS)",
					"$(LIB_OF_DEBUG)",
					"-ltbb",
				);
			};
			name = Debug;
		};
		E4B69B610A3A1757003C02F2 /* Release */ = {
			isa = XCBuildConfiguration;
			baseConfigurationReference = E4EB6923138AFD0F00A09F29 /* Project.xcconfig */;
			buildSettings = {
				ARCHS = "$(ARCHS_STANDARD)";
				COPY_PHASE_STRIP = YES;
				FRAMEWORK_SEARCH_PATHS = "$(inherited)";
				HEADER_SEARCH_PATHS = (
					"$(OF_CORE_HEADERS)",
					src,
					src,
					../../../addons/ofxGui/src,
					../../../addons/ofxOsc/libs,
					../../../addons/ofxOsc/libs/oscpack,
					../../../addons/ofxOsc/libs/oscpack/src,
					../../../addons/ofxOsc/libs/oscpack/src/ip,
					../../../addons/ofxOsc/libs/oscpack/src/ip/posix,
					../../../addons/ofxOsc/libs/oscpack/src/osc,
					../../../addons/ofxOsc/src,
				);
				"HEADER_SEARCH_PATHS[arch=*]" = (
					"$(OF_CORE_HEADERS)",
					src,
					src,
					../../../addons/ofxGui/src,
					../../../addons/ofxOsc/libs,
					../../../addons/ofxOsc/libs/oscpack,
					../../../addons/ofxOsc/libs/oscpack/src,
					../../../addons/ofxOsc/libs/oscpack/src/ip,
					../../../addons/ofxOsc/libs/oscpack/src/ip/posix,
					../../../addons/ofxOsc/libs/oscpack/src/osc,
					../../../addons/ofxOsc/src,
					/opt/homebrew/Cellar/tbb/2021.11.0/include,
				);
				LIBRARY_SEARCH_PATHS = "$(inherited)";
				"LIBRARY_SEARCH_PATHS[arch=*]" = (
					"$(inherited)",
					/opt/homebrew/Cellar/tbb/2021.11.0,
				);
				OTHER_LDFLAGS = (
					"$(OF_CORE_LIBS)",
					"$(OF_CORE_FRAMEWORKS)",
					"$(LIB_OF)",
				);
				"OTHER_LDFLAGS[arch=*]" = (
					"$(OF_CORE_LIBS)",
					"$(OF_CORE_FRAMEWORKS)",
					"$(LIB_OF)",
					"-ltbb",
				);
				baseConfigurationReference = E4EB6923138AFD0F00A09F29;
			};
			name = Release;
		};
/* End XCBuildConfiguration section */

/* Begin XCConfigurationList section */
		E4B69B4D0A3A1720003C02F2 /* Build configuration list for PBXProject "fluidSimulation" */ = {
			isa = XCConfigurationList;
			buildConfigurations = (
				E4B69B4E0A3A1720003C02F2 /* Debug */,
				E4B69B4F0A3A1720003C02F2 /* Release */,
			);
			defaultConfigurationIsVisible = 0;
			defaultConfigurationName = Release;
		};
		E4B69B5F0A3A1757003C02F2 /* Build configuration list for PBXNativeTarget "fluidSimulation" */ = {
			isa = XCConfigurationList;
			buildConfigurations = (
				E4B69B600A3A1757003C02F2 /* Debug */,
				E4B69B610A3A1757003C02F2 /* Release */,
			);
			defaultConfigurationIsVisible = 0;
			defaultConfigurationName = Release;
		};
/* End XCConfigurationList section */
	};
	rootObject = E4B69B4C0A3A1720003C02F2 /* Project object */;
}
